schema: '2.0'
stages:
  ingest:
    cmd: python src/rag_obsidian/pipeline/run_ingest.py
    deps:
    - path: data/raw
      hash: md5
      md5: 048c0310bcb8673609a1b616985cd627.dir
      size: 2150439
      nfiles: 509
    - path: src/rag_obsidian/auxiliars/split_by_headers.py
      hash: md5
      md5: 69c45c7629c6cdf4ac1ea63809aa7c63
      size: 2033
    - path: src/rag_obsidian/auxiliars/split_long_section.py
      hash: md5
      md5: e1b0d683f076975ea69303f97199b693
      size: 1944
    - path: src/rag_obsidian/auxiliars/walk_vault.py
      hash: md5
      md5: 5c800e78b8c681d7f36dadb8af48ed08
      size: 1321
    - path: src/rag_obsidian/chunks.py
      hash: md5
      md5: 89fd96047eaae68d6c49f3ab9519328f
      size: 242
    - path: src/rag_obsidian/configuration/load_params.py
      hash: md5
      md5: 1d6f417db64d3ba9d42664c7db27829a
      size: 177
    - path: src/rag_obsidian/pipeline/run_ingest.py
      hash: md5
      md5: f159f4fa81022ae098119dcbeaa69dc7
      size: 2289
    params:
      params.yaml:
        ingest.exclude_dirs: []
        ingest.include_dirs: []
        ingest.max_chars: 1000
        ingest.overlap_chars: 200
    outs:
    - path: data/processed/chunks.jsonl
      hash: md5
      md5: 00b8ba4e5c58be5e3cee5efffe748f6f
      size: 2997223
  embed:
    cmd: python src/rag_obsidian/pipeline/run_embed.py
    deps:
    - path: data/processed/chunks.jsonl
      hash: md5
      md5: 00b8ba4e5c58be5e3cee5efffe748f6f
      size: 2997223
    - path: src/rag_obsidian/configuration/load_params.py
      hash: md5
      md5: 1d6f417db64d3ba9d42664c7db27829a
      size: 177
    - path: src/rag_obsidian/pipeline/run_embed.py
      hash: md5
      md5: b56e931ef92ca18c961b4a8ee13e7051
      size: 4278
    params:
      params.yaml:
        embed.batch_size: 8
        embed.model_name: BAAI/bge-m3
    outs:
    - path: data/processed/embeddings.parquet
      hash: md5
      md5: 5493de031494ec295ed36324439628cc
      size: 28115201
  index:
    cmd: python src/rag_obsidian/pipeline/run_index.py
    deps:
    - path: data/processed/embeddings.parquet
      hash: md5
      md5: 5493de031494ec295ed36324439628cc
      size: 28115201
    - path: src/rag_obsidian/configuration/load_params.py
      hash: md5
      md5: 1d6f417db64d3ba9d42664c7db27829a
      size: 177
    - path: src/rag_obsidian/pipeline/run_index.py
      hash: md5
      md5: 6cf04130fdd07683abc39042c9b24130
      size: 2721
    params:
      params.yaml:
        qdrant.collection_name: rag_obsidian
        qdrant.host: localhost
        qdrant.port: 6333
    outs:
    - path: data/processed/index_manifest.json
      hash: md5
      md5: 4e2e626b11a44039b4940d2286e8c073
      size: 89
